
Microsoft Visual Studio Solution File, Format Version 12.00
# Visual Studio Version 17
VisualStudioVersion = 17.7.34221.43
MinimumVisualStudioVersion = 10.0.40219.1
Project("{9A19103F-16F7-4668-BE54-9A1E7A4F7556}") = "KampIntro", "KampIntro\KampIntro.csproj", "{A741DC32-1E8B-432B-BF80-176B871110C6}"
EndProject
Project("{9A19103F-16F7-4668-BE54-9A1E7A4F7556}") = "Donguler", "Donguler\Donguler.csproj", "{37A83013-015B-477C-8F85-EF5DCF3DD3AE}"
EndProject
Project("{9A19103F-16F7-4668-BE54-9A1E7A4F7556}") = "ClassIntro", "ClassIntro\ClassIntro.csproj", "{57CA77A3-9980-4484-A913-42FA1D01CEEB}"
EndProject
Project("{9A19103F-16F7-4668-BE54-9A1E7A4F7556}") = "Metotlar", "Metotlar\Metotlar.csproj", "{780DFEC7-500D-4265-9C50-49DD557D5582}"
EndProject
Project("{FAE04EC0-301F-11D3-BF4B-00C04F79EFBC}") = "Matematik", "Matematik\Matematik.csproj", "{8268CBE0-A775-4B1D-90CE-25C8CF25973F}"
EndProject
Project("{FAE04EC0-301F-11D3-BF4B-00C04F79EFBC}") = "DegerVeReferansTipler", "DegerVeReferansTipler\DegerVeReferansTipler.csproj", "{151732ED-0115-4807-A95E-98F5D0292FE5}"
EndProject
Global
	GlobalSection(SolutionConfigurationPlatforms) = preSolution
		Debug|Any CPU = Debug|Any CPU
		Release|Any CPU = Release|Any CPU
	EndGlobalSection
	GlobalSection(ProjectConfigurationPlatforms) = postSolution
		{A741DC32-1E8B-432B-BF80-176B871110C6}.Debug|Any CPU.ActiveCfg = Debug|Any CPU
		{A741DC32-1E8B-432B-BF80-176B871110C6}.Debug|Any CPU.Build.0 = Debug|Any CPU
		{A741DC32-1E8B-432B-BF80-176B871110C6}.Release|Any CPU.ActiveCfg = Release|Any CPU
		{A741DC32-1E8B-432B-BF80-176B871110C6}.Release|Any CPU.Build.0 = Release|Any CPU
		{37A83013-015B-477C-8F85-EF5DCF3DD3AE}.Debug|Any CPU.ActiveCfg = Debug|Any CPU
		{37A83013-015B-477C-8F85-EF5DCF3DD3AE}.Debug|Any CPU.Build.0 = Debug|Any CPU
		{37A83013-015B-477C-8F85-EF5DCF3DD3AE}.Release|Any CPU.ActiveCfg = Release|Any CPU
		{37A83013-015B-477C-8F85-EF5DCF3DD3AE}.Release|Any CPU.Build.0 = Release|Any CPU
		{57CA77A3-9980-4484-A913-42FA1D01CEEB}.Debug|Any CPU.ActiveCfg = Debug|Any CPU
		{57CA77A3-9980-4484-A913-42FA1D01CEEB}.Debug|Any CPU.Build.0 = Debug|Any CPU
		{57CA77A3-9980-4484-A913-42FA1D01CEEB}.Release|Any CPU.ActiveCfg = Release|Any CPU
		{57CA77A3-9980-4484-A913-42FA1D01CEEB}.Release|Any CPU.Build.0 = Release|Any CPU
		{780DFEC7-500D-4265-9C50-49DD557D5582}.Debug|Any CPU.ActiveCfg = Debug|Any CPU
		{780DFEC7-500D-4265-9C50-49DD557D5582}.Debug|Any CPU.Build.0 = Debug|Any CPU
		{780DFEC7-500D-4265-9C50-49DD557D5582}.Release|Any CPU.ActiveCfg = Release|Any CPU
		{780DFEC7-500D-4265-9C50-49DD557D5582}.Release|Any CPU.Build.0 = Release|Any CPU
		{8268CBE0-A775-4B1D-90CE-25C8CF25973F}.Debug|Any CPU.ActiveCfg = Debug|Any CPU
		{8268CBE0-A775-4B1D-90CE-25C8CF25973F}.Debug|Any CPU.Build.0 = Debug|Any CPU
		{8268CBE0-A775-4B1D-90CE-25C8CF25973F}.Release|Any CPU.ActiveCfg = Release|Any CPU
		{8268CBE0-A775-4B1D-90CE-25C8CF25973F}.Release|Any CPU.Build.0 = Release|Any CPU
		{151732ED-0115-4807-A95E-98F5D0292FE5}.Debug|Any CPU.ActiveCfg = Debug|Any CPU
		{151732ED-0115-4807-A95E-98F5D0292FE5}.Debug|Any CPU.Build.0 = Debug|Any CPU
		{151732ED-0115-4807-A95E-98F5D0292FE5}.Release|Any CPU.ActiveCfg = Release|Any CPU
		{151732ED-0115-4807-A95E-98F5D0292FE5}.Release|Any CPU.Build.0 = Release|Any CPU
	EndGlobalSection
	GlobalSection(SolutionProperties) = preSolution
		HideSolutionNode = FALSE
	EndGlobalSection
	GlobalSection(ExtensibilityGlobals) = postSolution
		SolutionGuid = {72D6D9AC-1550-4F6C-9943-A841DAE63A6C}
	EndGlobalSection
EndGlobal
